
Microsoft Visual Studio Solution File, Format Version 12.00
# Visual Studio 2015
Project("{FAE04EC0-301F-11D3-BF4B-00C04F79EFBC}") = "LINQ to GameObject.CSharp", "LINQ to GameObject.CSharp.csproj", "{0A3B89C7-26D7-BDEA-FE53-DE5D8ADAE6FC}"
EndProject
Project("{FAE04EC0-301F-11D3-BF4B-00C04F79EFBC}") = "LINQ to GameObject.CSharp.Editor", "LINQ to GameObject.CSharp.Editor.csproj", "{D79CF1C5-0D65-B1D4-318E-624419E2E20C}"
EndProject
Global
	GlobalSection(SolutionConfigurationPlatforms) = preSolution
		Debug|Any CPU = Debug|Any CPU
		Release|Any CPU = Release|Any CPU
	EndGlobalSection
	GlobalSection(ProjectConfigurationPlatforms) = postSolution
		{0A3B89C7-26D7-BDEA-FE53-DE5D8ADAE6FC}.Debug|Any CPU.ActiveCfg = Debug|Any CPU
		{0A3B89C7-26D7-BDEA-FE53-DE5D8ADAE6FC}.Debug|Any CPU.Build.0 = Debug|Any CPU
		{0A3B89C7-26D7-BDEA-FE53-DE5D8ADAE6FC}.Release|Any CPU.ActiveCfg = Release|Any CPU
		{0A3B89C7-26D7-BDEA-FE53-DE5D8ADAE6FC}.Release|Any CPU.Build.0 = Release|Any CPU
		{D79CF1C5-0D65-B1D4-318E-624419E2E20C}.Debug|Any CPU.ActiveCfg = Debug|Any CPU
		{D79CF1C5-0D65-B1D4-318E-624419E2E20C}.Debug|Any CPU.Build.0 = Debug|Any CPU
		{D79CF1C5-0D65-B1D4-318E-624419E2E20C}.Release|Any CPU.ActiveCfg = Release|Any CPU
		{D79CF1C5-0D65-B1D4-318E-624419E2E20C}.Release|Any CPU.Build.0 = Release|Any CPU
	EndGlobalSection
	GlobalSection(SolutionProperties) = preSolution
		HideSolutionNode = FALSE
	EndGlobalSection
EndGlobal
